
Microsoft Visual Studio Solution File, Format Version 12.00
# Visual Studio Version 16
VisualStudioVersion = 16.0.810.16
MinimumVisualStudioVersion = 10.0.40219.1
Project("{FAE04EC0-301F-11D3-BF4B-00C04F79EFBC}") = "ClipperHelper", "ClipperHelper\ClipperHelper.csproj", "{A50B43FC-E21D-4E82-8BED-783DDD0FA2BD}"
EndProject
Project("{FAE04EC0-301F-11D3-BF4B-00C04F79EFBC}") = "Vespidae", "Vespidae\Vespidae.csproj", "{D1C317D9-18F4-4240-83BB-FBA5CE03D636}"
EndProject
Project("{FAE04EC0-301F-11D3-BF4B-00C04F79EFBC}") = "GMaker", "GMaker\GMaker.csproj", "{F51D5898-19EC-41DE-AE56-1AE9604DA01D}"
EndProject
Project("{FAE04EC0-301F-11D3-BF4B-00C04F79EFBC}") = "SlicerTool", "SlicerTool\SlicerTool.csproj", "{6D04FD31-31A1-4F84-B3CC-1BB22390DABE}"
EndProject
Project("{FAE04EC0-301F-11D3-BF4B-00C04F79EFBC}") = "Coms", "Coms\Coms.csproj", "{45AA4532-12C7-4AF7-A915-335EF0DDD064}"
EndProject
Global
	GlobalSection(SolutionConfigurationPlatforms) = preSolution
		Debug|Any CPU = Debug|Any CPU
		Release|Any CPU = Release|Any CPU
	EndGlobalSection
	GlobalSection(ProjectConfigurationPlatforms) = postSolution
		{A50B43FC-E21D-4E82-8BED-783DDD0FA2BD}.Debug|Any CPU.ActiveCfg = Debug|Any CPU
		{A50B43FC-E21D-4E82-8BED-783DDD0FA2BD}.Debug|Any CPU.Build.0 = Debug|Any CPU
		{A50B43FC-E21D-4E82-8BED-783DDD0FA2BD}.Release|Any CPU.ActiveCfg = Debug|Any CPU
		{A50B43FC-E21D-4E82-8BED-783DDD0FA2BD}.Release|Any CPU.Build.0 = Debug|Any CPU
		{D1C317D9-18F4-4240-83BB-FBA5CE03D636}.Debug|Any CPU.ActiveCfg = Debug|Any CPU
		{D1C317D9-18F4-4240-83BB-FBA5CE03D636}.Debug|Any CPU.Build.0 = Debug|Any CPU
		{D1C317D9-18F4-4240-83BB-FBA5CE03D636}.Release|Any CPU.ActiveCfg = Debug|Any CPU
		{D1C317D9-18F4-4240-83BB-FBA5CE03D636}.Release|Any CPU.Build.0 = Debug|Any CPU
		{F51D5898-19EC-41DE-AE56-1AE9604DA01D}.Debug|Any CPU.ActiveCfg = Debug|Any CPU
		{F51D5898-19EC-41DE-AE56-1AE9604DA01D}.Debug|Any CPU.Build.0 = Debug|Any CPU
		{F51D5898-19EC-41DE-AE56-1AE9604DA01D}.Release|Any CPU.ActiveCfg = Release|Any CPU
		{F51D5898-19EC-41DE-AE56-1AE9604DA01D}.Release|Any CPU.Build.0 = Release|Any CPU
		{6D04FD31-31A1-4F84-B3CC-1BB22390DABE}.Debug|Any CPU.ActiveCfg = Debug|Any CPU
		{6D04FD31-31A1-4F84-B3CC-1BB22390DABE}.Debug|Any CPU.Build.0 = Debug|Any CPU
		{6D04FD31-31A1-4F84-B3CC-1BB22390DABE}.Release|Any CPU.ActiveCfg = Release|Any CPU
		{6D04FD31-31A1-4F84-B3CC-1BB22390DABE}.Release|Any CPU.Build.0 = Release|Any CPU
		{45AA4532-12C7-4AF7-A915-335EF0DDD064}.Debug|Any CPU.ActiveCfg = Debug|Any CPU
		{45AA4532-12C7-4AF7-A915-335EF0DDD064}.Debug|Any CPU.Build.0 = Debug|Any CPU
		{45AA4532-12C7-4AF7-A915-335EF0DDD064}.Release|Any CPU.ActiveCfg = Release|Any CPU
		{45AA4532-12C7-4AF7-A915-335EF0DDD064}.Release|Any CPU.Build.0 = Release|Any CPU
	EndGlobalSection
	GlobalSection(SolutionProperties) = preSolution
		HideSolutionNode = FALSE
	EndGlobalSection
	GlobalSection(ExtensibilityGlobals) = postSolution
		SolutionGuid = {893651F3-6999-42FD-ACC8-7EDD2E39926D}
	EndGlobalSection
	GlobalSection(MonoDevelopProperties) = preSolution
		Policies = $0
		$0.DotNetNamingPolicy = $1
		$1.DirectoryNamespaceAssociation = PrefixedHierarchical
	EndGlobalSection
EndGlobal
